
Microsoft Visual Studio Solution File, Format Version 12.00
# Visual Studio Version 16
VisualStudioVersion = 16.0.31702.278
MinimumVisualStudioVersion = 10.0.40219.1
Project("{FAE04EC0-301F-11D3-BF4B-00C04F79EFBC}") = "lesson_1", "lesson_1.csproj", "{777DF8D5-1B63-4D86-8006-E2D17AAC0B1B}"
EndProject
Project("{FAE04EC0-301F-11D3-BF4B-00C04F79EFBC}") = "Tests", "..\Tests\Tests.csproj", "{3E7588F6-626F-49D8-8822-F68D93026834}"
EndProject
Global
	GlobalSection(SolutionConfigurationPlatforms) = preSolution
		Debug|Any CPU = Debug|Any CPU
		Release|Any CPU = Release|Any CPU
	EndGlobalSection
	GlobalSection(ProjectConfigurationPlatforms) = postSolution
		{777DF8D5-1B63-4D86-8006-E2D17AAC0B1B}.Debug|Any CPU.ActiveCfg = Debug|Any CPU
		{777DF8D5-1B63-4D86-8006-E2D17AAC0B1B}.Debug|Any CPU.Build.0 = Debug|Any CPU
		{777DF8D5-1B63-4D86-8006-E2D17AAC0B1B}.Release|Any CPU.ActiveCfg = Release|Any CPU
		{777DF8D5-1B63-4D86-8006-E2D17AAC0B1B}.Release|Any CPU.Build.0 = Release|Any CPU
		{3E7588F6-626F-49D8-8822-F68D93026834}.Debug|Any CPU.ActiveCfg = Debug|Any CPU
		{3E7588F6-626F-49D8-8822-F68D93026834}.Debug|Any CPU.Build.0 = Debug|Any CPU
		{3E7588F6-626F-49D8-8822-F68D93026834}.Release|Any CPU.ActiveCfg = Release|Any CPU
		{3E7588F6-626F-49D8-8822-F68D93026834}.Release|Any CPU.Build.0 = Release|Any CPU
	EndGlobalSection
	GlobalSection(SolutionProperties) = preSolution
		HideSolutionNode = FALSE
	EndGlobalSection
	GlobalSection(ExtensibilityGlobals) = postSolution
		SolutionGuid = {FDAFF676-D07F-4F88-80AC-B277C09D1F90}
	EndGlobalSection
EndGlobal
